
Microsoft Visual Studio Solution File, Format Version 12.00
# Visual Studio Version 17
VisualStudioVersion = 17.8.34525.116
MinimumVisualStudioVersion = 10.0.40219.1
Project("{FAE04EC0-301F-11D3-BF4B-00C04F79EFBC}") = "Ej1", "Ej1\Ej1.csproj", "{8DAC0AC8-8E09-4A0A-B4A8-350C24E1137D}"
EndProject
Global
	GlobalSection(SolutionConfigurationPlatforms) = preSolution
		Debug|Any CPU = Debug|Any CPU
		Release|Any CPU = Release|Any CPU
	EndGlobalSection
	GlobalSection(ProjectConfigurationPlatforms) = postSolution
		{8DAC0AC8-8E09-4A0A-B4A8-350C24E1137D}.Debug|Any CPU.ActiveCfg = Debug|Any CPU
		{8DAC0AC8-8E09-4A0A-B4A8-350C24E1137D}.Debug|Any CPU.Build.0 = Debug|Any CPU
		{8DAC0AC8-8E09-4A0A-B4A8-350C24E1137D}.Release|Any CPU.ActiveCfg = Release|Any CPU
		{8DAC0AC8-8E09-4A0A-B4A8-350C24E1137D}.Release|Any CPU.Build.0 = Release|Any CPU
	EndGlobalSection
	GlobalSection(SolutionProperties) = preSolution
		HideSolutionNode = FALSE
	EndGlobalSection
	GlobalSection(ExtensibilityGlobals) = postSolution
		SolutionGuid = {7C7CE41E-7555-49A9-BBC1-5B725B6A883D}
	EndGlobalSection
EndGlobal
